
Microsoft Visual Studio Solution File, Format Version 12.00
# Visual Studio Version 16
VisualStudioVersion = 16.0.30804.86
MinimumVisualStudioVersion = 10.0.40219.1
Project("{9A19103F-16F7-4668-BE54-9A1E7A4F7556}") = "TravelHelperDb", "TravelHelperDb\TravelHelperDb.csproj", "{6563B5F3-3655-4022-8A09-221797BF4187}"
EndProject
Project("{FAE04EC0-301F-11D3-BF4B-00C04F79EFBC}") = "BSSClient", "BSSClient\BSSClient.csproj", "{CC5C5D96-2669-4ED4-8C11-E38CB00CD307}"
EndProject
Project("{FAE04EC0-301F-11D3-BF4B-00C04F79EFBC}") = "Services", "Services\Services.csproj", "{081E5B31-25AF-44E2-AF2C-5FC8F82D72CF}"
EndProject
Project("{FAE04EC0-301F-11D3-BF4B-00C04F79EFBC}") = "CoreImplementation", "CoreImplementation\CoreImplementation.csproj", "{90679633-1F99-4B33-987F-112CB9C18816}"
EndProject
Global
	GlobalSection(SolutionConfigurationPlatforms) = preSolution
		Debug|Any CPU = Debug|Any CPU
		Release|Any CPU = Release|Any CPU
	EndGlobalSection
	GlobalSection(ProjectConfigurationPlatforms) = postSolution
		{6563B5F3-3655-4022-8A09-221797BF4187}.Debug|Any CPU.ActiveCfg = Debug|Any CPU
		{6563B5F3-3655-4022-8A09-221797BF4187}.Debug|Any CPU.Build.0 = Debug|Any CPU
		{6563B5F3-3655-4022-8A09-221797BF4187}.Release|Any CPU.ActiveCfg = Release|Any CPU
		{6563B5F3-3655-4022-8A09-221797BF4187}.Release|Any CPU.Build.0 = Release|Any CPU
		{CC5C5D96-2669-4ED4-8C11-E38CB00CD307}.Debug|Any CPU.ActiveCfg = Debug|Any CPU
		{CC5C5D96-2669-4ED4-8C11-E38CB00CD307}.Debug|Any CPU.Build.0 = Debug|Any CPU
		{CC5C5D96-2669-4ED4-8C11-E38CB00CD307}.Release|Any CPU.ActiveCfg = Release|Any CPU
		{CC5C5D96-2669-4ED4-8C11-E38CB00CD307}.Release|Any CPU.Build.0 = Release|Any CPU
		{081E5B31-25AF-44E2-AF2C-5FC8F82D72CF}.Debug|Any CPU.ActiveCfg = Debug|Any CPU
		{081E5B31-25AF-44E2-AF2C-5FC8F82D72CF}.Debug|Any CPU.Build.0 = Debug|Any CPU
		{081E5B31-25AF-44E2-AF2C-5FC8F82D72CF}.Release|Any CPU.ActiveCfg = Release|Any CPU
		{081E5B31-25AF-44E2-AF2C-5FC8F82D72CF}.Release|Any CPU.Build.0 = Release|Any CPU
		{90679633-1F99-4B33-987F-112CB9C18816}.Debug|Any CPU.ActiveCfg = Debug|Any CPU
		{90679633-1F99-4B33-987F-112CB9C18816}.Debug|Any CPU.Build.0 = Debug|Any CPU
		{90679633-1F99-4B33-987F-112CB9C18816}.Release|Any CPU.ActiveCfg = Release|Any CPU
		{90679633-1F99-4B33-987F-112CB9C18816}.Release|Any CPU.Build.0 = Release|Any CPU
	EndGlobalSection
	GlobalSection(SolutionProperties) = preSolution
		HideSolutionNode = FALSE
	EndGlobalSection
	GlobalSection(ExtensibilityGlobals) = postSolution
		SolutionGuid = {47D97D7C-FB10-4120-854A-0951BB2FDA7F}
	EndGlobalSection
EndGlobal
