
Microsoft Visual Studio Solution File, Format Version 12.00
# Visual Studio Version 16
VisualStudioVersion = 16.0.30804.86
MinimumVisualStudioVersion = 10.0.40219.1
Project("{FAE04EC0-301F-11D3-BF4B-00C04F79EFBC}") = "Client", "Client\Client.csproj", "{1CE8BE67-B291-47C1-892B-84701C9D91F1}"
EndProject
Project("{FAE04EC0-301F-11D3-BF4B-00C04F79EFBC}") = "Server", "Server\Server.csproj", "{9C0E05FF-48F1-4376-92EA-A78F02F89459}"
EndProject
Project("{FAE04EC0-301F-11D3-BF4B-00C04F79EFBC}") = "Implementation", "Implementation\Implementation.csproj", "{B7EB85C5-C917-411E-B5B3-234D14EEB0BB}"
EndProject
Global
	GlobalSection(SolutionConfigurationPlatforms) = preSolution
		Debug|Any CPU = Debug|Any CPU
		Release|Any CPU = Release|Any CPU
	EndGlobalSection
	GlobalSection(ProjectConfigurationPlatforms) = postSolution
		{1CE8BE67-B291-47C1-892B-84701C9D91F1}.Debug|Any CPU.ActiveCfg = Debug|Any CPU
		{1CE8BE67-B291-47C1-892B-84701C9D91F1}.Debug|Any CPU.Build.0 = Debug|Any CPU
		{1CE8BE67-B291-47C1-892B-84701C9D91F1}.Release|Any CPU.ActiveCfg = Release|Any CPU
		{1CE8BE67-B291-47C1-892B-84701C9D91F1}.Release|Any CPU.Build.0 = Release|Any CPU
		{9C0E05FF-48F1-4376-92EA-A78F02F89459}.Debug|Any CPU.ActiveCfg = Debug|Any CPU
		{9C0E05FF-48F1-4376-92EA-A78F02F89459}.Debug|Any CPU.Build.0 = Debug|Any CPU
		{9C0E05FF-48F1-4376-92EA-A78F02F89459}.Release|Any CPU.ActiveCfg = Release|Any CPU
		{9C0E05FF-48F1-4376-92EA-A78F02F89459}.Release|Any CPU.Build.0 = Release|Any CPU
		{B7EB85C5-C917-411E-B5B3-234D14EEB0BB}.Debug|Any CPU.ActiveCfg = Debug|Any CPU
		{B7EB85C5-C917-411E-B5B3-234D14EEB0BB}.Debug|Any CPU.Build.0 = Debug|Any CPU
		{B7EB85C5-C917-411E-B5B3-234D14EEB0BB}.Release|Any CPU.ActiveCfg = Release|Any CPU
		{B7EB85C5-C917-411E-B5B3-234D14EEB0BB}.Release|Any CPU.Build.0 = Release|Any CPU
	EndGlobalSection
	GlobalSection(SolutionProperties) = preSolution
		HideSolutionNode = FALSE
	EndGlobalSection
	GlobalSection(ExtensibilityGlobals) = postSolution
		SolutionGuid = {47D97D7C-FB10-4120-854A-0951BB2FDA7F}
	EndGlobalSection
EndGlobal
